
Microsoft Visual Studio Solution File, Format Version 12.00
# Visual Studio Version 18
VisualStudioVersion = 18.0.11205.157 d18.0
MinimumVisualStudioVersion = 10.0.40219.1
Project("{2150E333-8FDC-42A3-9474-1A3956D46DE8}") = "tools", "tools", "{16E319D6-387E-4F84-B3DD-B23E034879F3}"
EndProject
Project("{FAE04EC0-301F-11D3-BF4B-00C04F79EFBC}") = "ExternalAnnotationsBuilder", "tools\ExternalAnnotationsBuilder\ExternalAnnotationsBuilder.csproj", "{A06FFBFE-197B-E3FC-DC08-51489B8061B8}"
EndProject
Project("{FAE04EC0-301F-11D3-BF4B-00C04F79EFBC}") = "Stryker", "tools\Stryker\Stryker.csproj", "{FF50EFCD-0F2F-87EE-B385-9C1ECAF1F937}"
EndProject
Project("{FAE04EC0-301F-11D3-BF4B-00C04F79EFBC}") = "StrykerReportTool", "tools\StrykerReportTool\StrykerReportTool.csproj", "{3FEB6F46-035B-F148-D38C-557CE555DB30}"
EndProject
Project("{2150E333-8FDC-42A3-9474-1A3956D46DE8}") = "src", "src", "{7B93DE15-7946-499E-BB37-53EDBB51BBC7}"
EndProject
Project("{FAE04EC0-301F-11D3-BF4B-00C04F79EFBC}") = "RailManager.Interfaces", "src\RailManager.Interfaces\RailManager.Interfaces.csproj", "{DFD635F0-F7C0-ABAF-A694-EED5393E57C7}"
EndProject
Project("{2150E333-8FDC-42A3-9474-1A3956D46DE8}") = "build", "build", "{1009018A-B240-41A9-B784-64EF71C9EE86}"
	ProjectSection(SolutionItems) = preProject
		src\Directory.Build.props = src\Directory.Build.props
		src\Directory.Build.targets = src\Directory.Build.targets
	EndProjectSection
EndProject
Project("{2150E333-8FDC-42A3-9474-1A3956D46DE8}") = "tests", "tests", "{0184A835-F699-424D-867D-47492C90D55D}"
EndProject
Project("{FAE04EC0-301F-11D3-BF4B-00C04F79EFBC}") = "RailManager.Interfaces.Tests", "src\RailManager.Interfaces.Tests\RailManager.Interfaces.Tests.csproj", "{DA65A9ED-B888-4324-8125-EFE0E5F52B9F}"
EndProject
Project("{FAE04EC0-301F-11D3-BF4B-00C04F79EFBC}") = "RailManagerInstaller", "src\RailManagerInstaller\RailManagerInstaller.csproj", "{3664BEB9-B584-3B66-27D5-9EBE129DA034}"
EndProject
Project("{FAE04EC0-301F-11D3-BF4B-00C04F79EFBC}") = "RailManagerInstaller.Tests", "src\RailManagerInstaller.Tests\RailManagerInstaller.Tests.csproj", "{FC9761BF-898A-E589-8603-E5832CEBA099}"
EndProject
Project("{FAE04EC0-301F-11D3-BF4B-00C04F79EFBC}") = "RailManager", "src\RailManager\RailManager.csproj", "{B526D0EA-19DA-7C8E-C378-96C63FF24B29}"
EndProject
Global
	GlobalSection(SolutionConfigurationPlatforms) = preSolution
		Debug|Any CPU = Debug|Any CPU
		Release|Any CPU = Release|Any CPU
	EndGlobalSection
	GlobalSection(ProjectConfigurationPlatforms) = postSolution
		{A06FFBFE-197B-E3FC-DC08-51489B8061B8}.Debug|Any CPU.ActiveCfg = Debug|Any CPU
		{A06FFBFE-197B-E3FC-DC08-51489B8061B8}.Debug|Any CPU.Build.0 = Debug|Any CPU
		{A06FFBFE-197B-E3FC-DC08-51489B8061B8}.Release|Any CPU.ActiveCfg = Release|Any CPU
		{A06FFBFE-197B-E3FC-DC08-51489B8061B8}.Release|Any CPU.Build.0 = Release|Any CPU
		{FF50EFCD-0F2F-87EE-B385-9C1ECAF1F937}.Debug|Any CPU.ActiveCfg = Debug|Any CPU
		{FF50EFCD-0F2F-87EE-B385-9C1ECAF1F937}.Debug|Any CPU.Build.0 = Debug|Any CPU
		{FF50EFCD-0F2F-87EE-B385-9C1ECAF1F937}.Release|Any CPU.ActiveCfg = Release|Any CPU
		{FF50EFCD-0F2F-87EE-B385-9C1ECAF1F937}.Release|Any CPU.Build.0 = Release|Any CPU
		{3FEB6F46-035B-F148-D38C-557CE555DB30}.Debug|Any CPU.ActiveCfg = Debug|Any CPU
		{3FEB6F46-035B-F148-D38C-557CE555DB30}.Debug|Any CPU.Build.0 = Debug|Any CPU
		{3FEB6F46-035B-F148-D38C-557CE555DB30}.Release|Any CPU.ActiveCfg = Release|Any CPU
		{3FEB6F46-035B-F148-D38C-557CE555DB30}.Release|Any CPU.Build.0 = Release|Any CPU
		{DFD635F0-F7C0-ABAF-A694-EED5393E57C7}.Debug|Any CPU.ActiveCfg = Debug|Any CPU
		{DFD635F0-F7C0-ABAF-A694-EED5393E57C7}.Debug|Any CPU.Build.0 = Debug|Any CPU
		{DFD635F0-F7C0-ABAF-A694-EED5393E57C7}.Release|Any CPU.ActiveCfg = Release|Any CPU
		{DFD635F0-F7C0-ABAF-A694-EED5393E57C7}.Release|Any CPU.Build.0 = Release|Any CPU
		{DA65A9ED-B888-4324-8125-EFE0E5F52B9F}.Debug|Any CPU.ActiveCfg = Debug|Any CPU
		{DA65A9ED-B888-4324-8125-EFE0E5F52B9F}.Debug|Any CPU.Build.0 = Debug|Any CPU
		{DA65A9ED-B888-4324-8125-EFE0E5F52B9F}.Release|Any CPU.ActiveCfg = Release|Any CPU
		{DA65A9ED-B888-4324-8125-EFE0E5F52B9F}.Release|Any CPU.Build.0 = Release|Any CPU
		{3664BEB9-B584-3B66-27D5-9EBE129DA034}.Debug|Any CPU.ActiveCfg = Debug|Any CPU
		{3664BEB9-B584-3B66-27D5-9EBE129DA034}.Debug|Any CPU.Build.0 = Debug|Any CPU
		{3664BEB9-B584-3B66-27D5-9EBE129DA034}.Release|Any CPU.ActiveCfg = Release|Any CPU
		{3664BEB9-B584-3B66-27D5-9EBE129DA034}.Release|Any CPU.Build.0 = Release|Any CPU
		{FC9761BF-898A-E589-8603-E5832CEBA099}.Debug|Any CPU.ActiveCfg = Debug|Any CPU
		{FC9761BF-898A-E589-8603-E5832CEBA099}.Debug|Any CPU.Build.0 = Debug|Any CPU
		{FC9761BF-898A-E589-8603-E5832CEBA099}.Release|Any CPU.ActiveCfg = Release|Any CPU
		{FC9761BF-898A-E589-8603-E5832CEBA099}.Release|Any CPU.Build.0 = Release|Any CPU
		{B526D0EA-19DA-7C8E-C378-96C63FF24B29}.Debug|Any CPU.ActiveCfg = Debug|Any CPU
		{B526D0EA-19DA-7C8E-C378-96C63FF24B29}.Debug|Any CPU.Build.0 = Debug|Any CPU
		{B526D0EA-19DA-7C8E-C378-96C63FF24B29}.Release|Any CPU.ActiveCfg = Release|Any CPU
		{B526D0EA-19DA-7C8E-C378-96C63FF24B29}.Release|Any CPU.Build.0 = Release|Any CPU
	EndGlobalSection
	GlobalSection(SolutionProperties) = preSolution
		HideSolutionNode = FALSE
	EndGlobalSection
	GlobalSection(NestedProjects) = preSolution
		{A06FFBFE-197B-E3FC-DC08-51489B8061B8} = {16E319D6-387E-4F84-B3DD-B23E034879F3}
		{FF50EFCD-0F2F-87EE-B385-9C1ECAF1F937} = {16E319D6-387E-4F84-B3DD-B23E034879F3}
		{3FEB6F46-035B-F148-D38C-557CE555DB30} = {16E319D6-387E-4F84-B3DD-B23E034879F3}
		{DFD635F0-F7C0-ABAF-A694-EED5393E57C7} = {7B93DE15-7946-499E-BB37-53EDBB51BBC7}
		{DA65A9ED-B888-4324-8125-EFE0E5F52B9F} = {0184A835-F699-424D-867D-47492C90D55D}
		{3664BEB9-B584-3B66-27D5-9EBE129DA034} = {7B93DE15-7946-499E-BB37-53EDBB51BBC7}
		{FC9761BF-898A-E589-8603-E5832CEBA099} = {0184A835-F699-424D-867D-47492C90D55D}
		{B526D0EA-19DA-7C8E-C378-96C63FF24B29} = {7B93DE15-7946-499E-BB37-53EDBB51BBC7}
	EndGlobalSection
	GlobalSection(ExtensibilityGlobals) = postSolution
		SolutionGuid = {F18BD306-C30D-4769-8786-870338585E11}
	EndGlobalSection
EndGlobal
